
Microsoft Visual Studio Solution File, Format Version 12.00
# Visual Studio 15
VisualStudioVersion = 15.0.27428.2015
MinimumVisualStudioVersion = 10.0.40219.1
Project("{FAE04EC0-301F-11D3-BF4B-00C04F79EFBC}") = "CharmMananger", "CharmMananger\CharmMananger.csproj", "{41D1EAE6-4252-4FE4-99DC-F071790BE00B}"
EndProject
Project("{2150E333-8FDC-42A3-9474-1A3956D46DE8}") = "Charm.MvcExt", "Charm.MvcExt", "{7CF6114C-B06D-4010-81F6-DA073AEFFAF0}"
EndProject
Project("{FAE04EC0-301F-11D3-BF4B-00C04F79EFBC}") = "Charm.MvcExt", "Charm.MvcExt\Charm.MvcExt.csproj", "{B44C30D4-DCF8-4348-B619-3A73A05B8554}"
EndProject
Project("{2150E333-8FDC-42A3-9474-1A3956D46DE8}") = "Charm.Project", "Charm.Project", "{068D3027-0738-43F8-8403-CBF3963413DA}"
EndProject
Project("{2150E333-8FDC-42A3-9474-1A3956D46DE8}") = "Charm.Entities", "Charm.Entities", "{50E87913-39FF-4C9C-B93F-4447A22E6E16}"
EndProject
Project("{FAE04EC0-301F-11D3-BF4B-00C04F79EFBC}") = "Charm.Entity", "Charm.Entity\Charm.Entity.csproj", "{DB466B8A-2618-413F-B65E-58B1FCBAF3E5}"
EndProject
Project("{2150E333-8FDC-42A3-9474-1A3956D46DE8}") = "Charm.Service", "Charm.Service", "{91A7D1B3-A2C7-4D1F-A406-F9008F243610}"
EndProject
Project("{FAE04EC0-301F-11D3-BF4B-00C04F79EFBC}") = "Charm.Services", "Charm.Services\Charm.Services.csproj", "{DC82DCB6-FF41-4E01-9FFD-DE95B0EA8D1C}"
EndProject
Project("{2150E333-8FDC-42A3-9474-1A3956D46DE8}") = "Charm.Base", "Charm.Base", "{6F6D882F-1E31-48ED-89C0-881048321BFB}"
EndProject
Project("{FAE04EC0-301F-11D3-BF4B-00C04F79EFBC}") = "Charm.Common", "Charm.Common\Charm.Common.csproj", "{0B6418B2-FD4B-47E5-ABC2-6E545044D631}"
EndProject
Project("{FAE04EC0-301F-11D3-BF4B-00C04F79EFBC}") = "CharmAPI", "CharmAPI\CharmAPI.csproj", "{492110BF-4937-4F46-87EC-35C477FBF235}"
	ProjectSection(ProjectDependencies) = postProject
		{DB466B8A-2618-413F-B65E-58B1FCBAF3E5} = {DB466B8A-2618-413F-B65E-58B1FCBAF3E5}
		{0B6418B2-FD4B-47E5-ABC2-6E545044D631} = {0B6418B2-FD4B-47E5-ABC2-6E545044D631}
		{DC82DCB6-FF41-4E01-9FFD-DE95B0EA8D1C} = {DC82DCB6-FF41-4E01-9FFD-DE95B0EA8D1C}
		{B44C30D4-DCF8-4348-B619-3A73A05B8554} = {B44C30D4-DCF8-4348-B619-3A73A05B8554}
	EndProjectSection
EndProject
Global
	GlobalSection(SolutionConfigurationPlatforms) = preSolution
		Debug|Any CPU = Debug|Any CPU
		Release|Any CPU = Release|Any CPU
	EndGlobalSection
	GlobalSection(ProjectConfigurationPlatforms) = postSolution
		{41D1EAE6-4252-4FE4-99DC-F071790BE00B}.Debug|Any CPU.ActiveCfg = Debug|Any CPU
		{41D1EAE6-4252-4FE4-99DC-F071790BE00B}.Debug|Any CPU.Build.0 = Debug|Any CPU
		{41D1EAE6-4252-4FE4-99DC-F071790BE00B}.Release|Any CPU.ActiveCfg = Release|Any CPU
		{41D1EAE6-4252-4FE4-99DC-F071790BE00B}.Release|Any CPU.Build.0 = Release|Any CPU
		{B44C30D4-DCF8-4348-B619-3A73A05B8554}.Debug|Any CPU.ActiveCfg = Debug|Any CPU
		{B44C30D4-DCF8-4348-B619-3A73A05B8554}.Debug|Any CPU.Build.0 = Debug|Any CPU
		{B44C30D4-DCF8-4348-B619-3A73A05B8554}.Release|Any CPU.ActiveCfg = Release|Any CPU
		{B44C30D4-DCF8-4348-B619-3A73A05B8554}.Release|Any CPU.Build.0 = Release|Any CPU
		{DB466B8A-2618-413F-B65E-58B1FCBAF3E5}.Debug|Any CPU.ActiveCfg = Debug|Any CPU
		{DB466B8A-2618-413F-B65E-58B1FCBAF3E5}.Debug|Any CPU.Build.0 = Debug|Any CPU
		{DB466B8A-2618-413F-B65E-58B1FCBAF3E5}.Release|Any CPU.ActiveCfg = Release|Any CPU
		{DB466B8A-2618-413F-B65E-58B1FCBAF3E5}.Release|Any CPU.Build.0 = Release|Any CPU
		{DC82DCB6-FF41-4E01-9FFD-DE95B0EA8D1C}.Debug|Any CPU.ActiveCfg = Debug|Any CPU
		{DC82DCB6-FF41-4E01-9FFD-DE95B0EA8D1C}.Debug|Any CPU.Build.0 = Debug|Any CPU
		{DC82DCB6-FF41-4E01-9FFD-DE95B0EA8D1C}.Release|Any CPU.ActiveCfg = Release|Any CPU
		{DC82DCB6-FF41-4E01-9FFD-DE95B0EA8D1C}.Release|Any CPU.Build.0 = Release|Any CPU
		{0B6418B2-FD4B-47E5-ABC2-6E545044D631}.Debug|Any CPU.ActiveCfg = Debug|Any CPU
		{0B6418B2-FD4B-47E5-ABC2-6E545044D631}.Debug|Any CPU.Build.0 = Debug|Any CPU
		{0B6418B2-FD4B-47E5-ABC2-6E545044D631}.Release|Any CPU.ActiveCfg = Release|Any CPU
		{0B6418B2-FD4B-47E5-ABC2-6E545044D631}.Release|Any CPU.Build.0 = Release|Any CPU
		{492110BF-4937-4F46-87EC-35C477FBF235}.Debug|Any CPU.ActiveCfg = Debug|Any CPU
		{492110BF-4937-4F46-87EC-35C477FBF235}.Debug|Any CPU.Build.0 = Debug|Any CPU
		{492110BF-4937-4F46-87EC-35C477FBF235}.Release|Any CPU.ActiveCfg = Release|Any CPU
		{492110BF-4937-4F46-87EC-35C477FBF235}.Release|Any CPU.Build.0 = Release|Any CPU
	EndGlobalSection
	GlobalSection(SolutionProperties) = preSolution
		HideSolutionNode = FALSE
	EndGlobalSection
	GlobalSection(NestedProjects) = preSolution
		{41D1EAE6-4252-4FE4-99DC-F071790BE00B} = {068D3027-0738-43F8-8403-CBF3963413DA}
		{B44C30D4-DCF8-4348-B619-3A73A05B8554} = {7CF6114C-B06D-4010-81F6-DA073AEFFAF0}
		{DB466B8A-2618-413F-B65E-58B1FCBAF3E5} = {50E87913-39FF-4C9C-B93F-4447A22E6E16}
		{DC82DCB6-FF41-4E01-9FFD-DE95B0EA8D1C} = {91A7D1B3-A2C7-4D1F-A406-F9008F243610}
		{0B6418B2-FD4B-47E5-ABC2-6E545044D631} = {6F6D882F-1E31-48ED-89C0-881048321BFB}
		{492110BF-4937-4F46-87EC-35C477FBF235} = {068D3027-0738-43F8-8403-CBF3963413DA}
	EndGlobalSection
	GlobalSection(ExtensibilityGlobals) = postSolution
		SolutionGuid = {66F5EBBC-F4FA-412B-B7C3-7BCAF254FD2D}
	EndGlobalSection
EndGlobal
